
Microsoft Visual Studio Solution File, Format Version 12.00
Project("{FAE04EC0-301F-11D3-BF4B-00C04F79EFBC}") = "TicTacToe", "TicTacToe\TicTacToe.csproj", "{F75D36EA-2C83-4B24-BE32-0F82249858CC}"
EndProject
Project("{2150E333-8FDC-42A3-9474-1A3956D46DE8}") = "Solution Items", "Solution Items", "{832A9732-84E3-4D2F-B872-9F97B1F816BE}"
	ProjectSection(SolutionItems) = preProject
		compose.yaml = compose.yaml
	EndProjectSection
EndProject
Global
	GlobalSection(SolutionConfigurationPlatforms) = preSolution
		Debug|Any CPU = Debug|Any CPU
		Release|Any CPU = Release|Any CPU
	EndGlobalSection
	GlobalSection(ProjectConfigurationPlatforms) = postSolution
		{F75D36EA-2C83-4B24-BE32-0F82249858CC}.Debug|Any CPU.ActiveCfg = Debug|Any CPU
		{F75D36EA-2C83-4B24-BE32-0F82249858CC}.Debug|Any CPU.Build.0 = Debug|Any CPU
		{F75D36EA-2C83-4B24-BE32-0F82249858CC}.Release|Any CPU.ActiveCfg = Release|Any CPU
		{F75D36EA-2C83-4B24-BE32-0F82249858CC}.Release|Any CPU.Build.0 = Release|Any CPU
	EndGlobalSection
EndGlobal
